{
  "lockfileVersion": 1,
  "configVersion": 1,
  "workspaces": {
    "": {
      "dependencies": {
        "diff": "^8.0.3",
        "prompts": "^2.4.2",
        "yaml": "^2.8.2",
      },
      "devDependencies": {
        "@biomejs/biome": "^2.3.13",
        "@types/bun": "^1.3.7",
        "husky": "^9.1.7",
      },
    },
  },
  "packages": {
    "@biomejs/biome": ["@biomejs/biome@2.3.13", "", { "optionalDependencies": { "@biomejs/cli-darwin-arm64": "2.3.13", "@biomejs/cli-darwin-x64": "2.3.13", "@biomejs/cli-linux-arm64": "2.3.13", "@biomejs/cli-linux-arm64-musl": "2.3.13", "@biomejs/cli-linux-x64": "2.3.13", "@biomejs/cli-linux-x64-musl": "2.3.13", "@biomejs/cli-win32-arm64": "2.3.13", "@biomejs/cli-win32-x64": "2.3.13" }, "bin": { "biome": "bin/biome" } }, "sha512-Fw7UsV0UAtWIBIm0M7g5CRerpu1eKyKAXIazzxhbXYUyMkwNrkX/KLkGI7b+uVDQ5cLUMfOC9vR60q9IDYDstA=="],

    "@biomejs/cli-darwin-arm64": ["@biomejs/cli-darwin-arm64@2.3.13", "", { "os": "darwin", "cpu": "arm64" }, "sha512-0OCwP0/BoKzyJHnFdaTk/i7hIP9JHH9oJJq6hrSCPmJPo8JWcJhprK4gQlhFzrwdTBAW4Bjt/RmCf3ZZe59gwQ=="],

    "@biomejs/cli-darwin-x64": ["@biomejs/cli-darwin-x64@2.3.13", "", { "os": "darwin", "cpu": "x64" }, "sha512-AGr8OoemT/ejynbIu56qeil2+F2WLkIjn2d8jGK1JkchxnMUhYOfnqc9sVzcRxpG9Ycvw4weQ5sprRvtb7Yhcw=="],

    "@biomejs/cli-linux-arm64": ["@biomejs/cli-linux-arm64@2.3.13", "", { "os": "linux", "cpu": "arm64" }, "sha512-xvOiFkrDNu607MPMBUQ6huHmBG1PZLOrqhtK6pXJW3GjfVqJg0Z/qpTdhXfcqWdSZHcT+Nct2fOgewZvytESkw=="],

    "@biomejs/cli-linux-arm64-musl": ["@biomejs/cli-linux-arm64-musl@2.3.13", "", { "os": "linux", "cpu": "arm64" }, "sha512-TUdDCSY+Eo/EHjhJz7P2GnWwfqet+lFxBZzGHldrvULr59AgahamLs/N85SC4+bdF86EhqDuuw9rYLvLFWWlXA=="],

    "@biomejs/cli-linux-x64": ["@biomejs/cli-linux-x64@2.3.13", "", { "os": "linux", "cpu": "x64" }, "sha512-s+YsZlgiXNq8XkgHs6xdvKDFOj/bwTEevqEY6rC2I3cBHbxXYU1LOZstH3Ffw9hE5tE1sqT7U23C00MzkXztMw=="],

    "@biomejs/cli-linux-x64-musl": ["@biomejs/cli-linux-x64-musl@2.3.13", "", { "os": "linux", "cpu": "x64" }, "sha512-0bdwFVSbbM//Sds6OjtnmQGp4eUjOTt6kHvR/1P0ieR9GcTUAlPNvPC3DiavTqq302W34Ae2T6u5VVNGuQtGlQ=="],

    "@biomejs/cli-win32-arm64": ["@biomejs/cli-win32-arm64@2.3.13", "", { "os": "win32", "cpu": "arm64" }, "sha512-QweDxY89fq0VvrxME+wS/BXKmqMrOTZlN9SqQ79kQSIc3FrEwvW/PvUegQF6XIVaekncDykB5dzPqjbwSKs9DA=="],

    "@biomejs/cli-win32-x64": ["@biomejs/cli-win32-x64@2.3.13", "", { "os": "win32", "cpu": "x64" }, "sha512-trDw2ogdM2lyav9WFQsdsfdVy1dvZALymRpgmWsvSez0BJzBjulhOT/t+wyKeh3pZWvwP3VMs1SoOKwO3wecMQ=="],

    "@types/bun": ["@types/bun@1.3.7", "", { "dependencies": { "bun-types": "1.3.7" } }, "sha512-lmNuMda+Z9b7tmhA0tohwy8ZWFSnmQm1UDWXtH5r9F7wZCfkeO3Jx7wKQ1EOiKq43yHts7ky6r8SDJQWRNupkA=="],

    "@types/node": ["@types/node@25.0.10", "", { "dependencies": { "undici-types": "~7.16.0" } }, "sha512-zWW5KPngR/yvakJgGOmZ5vTBemDoSqF3AcV/LrO5u5wTWyEAVVh+IT39G4gtyAkh3CtTZs8aX/yRM82OfzHJRg=="],

    "bun-types": ["bun-types@1.3.7", "", { "dependencies": { "@types/node": "*" } }, "sha512-qyschsA03Qz+gou+apt6HNl6HnI+sJJLL4wLDke4iugsE6584CMupOtTY1n+2YC9nGVrEKUlTs99jjRLKgWnjQ=="],

    "diff": ["diff@8.0.3", "", {}, "sha512-qejHi7bcSD4hQAZE0tNAawRK1ZtafHDmMTMkrrIGgSLl7hTnQHmKCeB45xAcbfTqK2zowkM3j3bHt/4b/ARbYQ=="],

    "husky": ["husky@9.1.7", "", { "bin": { "husky": "bin.js" } }, "sha512-5gs5ytaNjBrh5Ow3zrvdUUY+0VxIuWVL4i9irt6friV+BqdCfmV11CQTWMiBYWHbXhco+J1kHfTOUkePhCDvMA=="],

    "kleur": ["kleur@3.0.3", "", {}, "sha512-eTIzlVOSUR+JxdDFepEYcBMtZ9Qqdef+rnzWdRZuMbOywu5tO2w2N7rqjoANZ5k9vywhL6Br1VRjUIgTQx4E8w=="],

    "prompts": ["prompts@2.4.2", "", { "dependencies": { "kleur": "^3.0.3", "sisteransi": "^1.0.5" } }, "sha512-NxNv/kLguCA7p3jE8oL2aEBsrJWgAakBpgmgK6lpPWV+WuOmY6r2/zbAVnP+T8bQlA0nzHXSJSJW0Hq7ylaD2Q=="],

    "sisteransi": ["sisteransi@1.0.5", "", {}, "sha512-bLGGlR1QxBcynn2d5YmDX4MGjlZvy2MRBDRNHLJ8VI6l6+9FUiyTFNJ0IveOSP0bcXgVDPRcfGqA0pjaqUpfVg=="],

    "undici-types": ["undici-types@7.16.0", "", {}, "sha512-Zz+aZWSj8LE6zoxD+xrjh4VfkIG8Ya6LvYkZqtUQGJPZjYl53ypCaUwWqo7eI0x66KBGeRo+mlBEkMSeSZ38Nw=="],

    "yaml": ["yaml@2.8.2", "", { "bin": { "yaml": "bin.mjs" } }, "sha512-mplynKqc1C2hTVYxd0PU2xQAc22TI1vShAYGksCCfxbn/dFwnHTNi1bvYsBTkhdUNtGIf5xNOg938rrSSYvS9A=="],
  }
}
